schema_version: 1
atlas_id: rabbitmq-reference-atlas
epoch: '2026-08-28'
generated_at: '2026-08-28T00:00:00+09:00'
sources:
- id: rabbitmq-server-v4.3.5
  kind: source
  title: RabbitMQ Server v4.3.5 source release
  url: https://raw.githubusercontent.com/rabbitmq/rabbitmq-server/v4.3.5/release-notes/4.3.5.md
  version: v4.3.5-0dde27bfdd1984ff7e157226fd97656854a7f359
  retrieved_at: '2026-08-28'
  digest: sha256:31bc3e0b69ccb97d0c266ba90db5055337772ffb7d0108d7ffcd71803c4ec334
  license: MPL-2.0
  redistribution: link-only
- id: rabbitmq-4.3-exchanges
  kind: official-documentation
  title: RabbitMQ Exchanges
  url: https://raw.githubusercontent.com/rabbitmq/rabbitmq-website/1c99c9687f012ad700385c1e9a6990f6520720d3/versioned_docs/version-4.3/exchanges.md
  version: 4.3-1c99c9687f012ad700385c1e9a6990f6520720d3
  retrieved_at: '2026-08-28'
  digest: sha256:a0a6d3fae2073fe28ffe7fd016bbd3830262db554195e670f5dc57a123832f6c
  license: null
  redistribution: link-only
- id: rabbitmq-4.3-queues
  kind: official-documentation
  title: RabbitMQ Queues
  url: https://raw.githubusercontent.com/rabbitmq/rabbitmq-website/1c99c9687f012ad700385c1e9a6990f6520720d3/versioned_docs/version-4.3/queues.md
  version: 4.3-1c99c9687f012ad700385c1e9a6990f6520720d3
  retrieved_at: '2026-08-28'
  digest: sha256:70a81800b3df6e9e0295391a2fae37f67421af5b097d112e06a3ac9ba3087025
  license: null
  redistribution: link-only
- id: rabbitmq-4.3-confirms
  kind: official-documentation
  title: RabbitMQ Consumer Acknowledgements and Publisher Confirms
  url: https://raw.githubusercontent.com/rabbitmq/rabbitmq-website/1c99c9687f012ad700385c1e9a6990f6520720d3/versioned_docs/version-4.3/confirms.md
  version: 4.3-1c99c9687f012ad700385c1e9a6990f6520720d3
  retrieved_at: '2026-08-28'
  digest: sha256:861abccf819fddcdaddd661255914d867d6ed511a9ff19311bfef73d0907b127
  license: null
  redistribution: link-only
- id: rabbitmq-4.3-dlx
  kind: official-documentation
  title: RabbitMQ Dead Letter Exchanges
  url: https://raw.githubusercontent.com/rabbitmq/rabbitmq-website/1c99c9687f012ad700385c1e9a6990f6520720d3/versioned_docs/version-4.3/dlx.md
  version: 4.3-1c99c9687f012ad700385c1e9a6990f6520720d3
  retrieved_at: '2026-08-28'
  digest: sha256:29bead1952a76facc60f98748860271da24c0feba82b9049ae9fc2eb41cd2a29
  license: null
  redistribution: link-only
- id: rabbitmq-4.3-flow-control
  kind: official-documentation
  title: RabbitMQ Flow Control
  url: https://raw.githubusercontent.com/rabbitmq/rabbitmq-website/1c99c9687f012ad700385c1e9a6990f6520720d3/versioned_docs/version-4.3/flow-control.md
  version: 4.3-1c99c9687f012ad700385c1e9a6990f6520720d3
  retrieved_at: '2026-08-28'
  digest: sha256:ce5d0876c0a35e13dc12ee6e199e758a51c5223c05f448b8aed9ebb7e4c13c79
  license: null
  redistribution: link-only
- id: rabbitmq-4.3-clustering
  kind: official-documentation
  title: RabbitMQ Clustering Guide
  url: https://raw.githubusercontent.com/rabbitmq/rabbitmq-website/1c99c9687f012ad700385c1e9a6990f6520720d3/versioned_docs/version-4.3/clustering.md
  version: 4.3-1c99c9687f012ad700385c1e9a6990f6520720d3
  retrieved_at: '2026-08-28'
  digest: sha256:f76eea55c22ddac659f4a20c48d236e7e7902527b7b70fb92dc2f55753b02ece
  license: null
  redistribution: link-only
- id: rabbitmq-amqp-concepts
  kind: official-documentation
  title: RabbitMQ AMQP 0-9-1 Model Explained
  url: https://raw.githubusercontent.com/rabbitmq/rabbitmq-website/1c99c9687f012ad700385c1e9a6990f6520720d3/tutorials/amqp-concepts/index.md
  version: 1c99c9687f012ad700385c1e9a6990f6520720d3
  retrieved_at: '2026-08-28'
  digest: sha256:4443361280acd6e415ba8687a63fa022b0e4a4d582a6f8a07d29d29872f3986f
  license: null
  redistribution: link-only
- id: rabbitmq-4.3-ttl
  kind: official-documentation
  title: RabbitMQ Time-To-Live and Expiration
  url: https://raw.githubusercontent.com/rabbitmq/rabbitmq-website/1c99c9687f012ad700385c1e9a6990f6520720d3/versioned_docs/version-4.3/ttl.md
  version: 4.3-1c99c9687f012ad700385c1e9a6990f6520720d3
  retrieved_at: '2026-08-28'
  digest: sha256:47b24f48ab6c7099d6d140a19fc66a7a94708d57e6b9d16bbabaa1dfbd1ccc8c
  license: null
  redistribution: link-only
- id: rabbitmq-4.3-streams
  kind: official-documentation
  title: RabbitMQ Streams
  url: https://raw.githubusercontent.com/rabbitmq/rabbitmq-website/1c99c9687f012ad700385c1e9a6990f6520720d3/versioned_docs/version-4.3/streams.md
  version: 4.3-1c99c9687f012ad700385c1e9a6990f6520720d3
  retrieved_at: '2026-08-28'
  digest: sha256:1719c724d9d6877aad0b8830bc935d26644710aa7cd510a9fb554c0a239d99a0
  license: null
  redistribution: link-only
- id: rabbitmq-4.3-quorum-queues
  kind: official-documentation
  title: RabbitMQ Quorum Queues
  url: https://raw.githubusercontent.com/rabbitmq/rabbitmq-website/1c99c9687f012ad700385c1e9a6990f6520720d3/versioned_docs/version-4.3/quorum-queues/index.md
  version: 4.3-1c99c9687f012ad700385c1e9a6990f6520720d3
  retrieved_at: '2026-08-28'
  digest: sha256:a9a41aca4560ded658c6ada1229258ba8f0a185bc026cb5784dfb831383ff41d
  license: null
  redistribution: link-only
- id: rabbitmq-4.3-partitions
  kind: official-documentation
  title: RabbitMQ Network Partitions
  url: https://raw.githubusercontent.com/rabbitmq/rabbitmq-website/1c99c9687f012ad700385c1e9a6990f6520720d3/versioned_docs/version-4.3/partitions.md
  version: 4.3-1c99c9687f012ad700385c1e9a6990f6520720d3
  retrieved_at: '2026-08-28'
  digest: sha256:f3d281f456f88d62af329e2aa2ca8f9f9f7231b430532a0df5dd7a3ad9684df0
  license: null
  redistribution: link-only
- id: rabbitmq-4.3-reliability
  kind: official-documentation
  title: RabbitMQ Reliability Guide
  url: https://raw.githubusercontent.com/rabbitmq/rabbitmq-website/1c99c9687f012ad700385c1e9a6990f6520720d3/versioned_docs/version-4.3/reliability.md
  version: 4.3-1c99c9687f012ad700385c1e9a6990f6520720d3
  retrieved_at: '2026-08-28'
  digest: sha256:25d54e926d450a8676a93ba6282f4eb8456ab60db3242ac6333f14871d3e07e4
  license: null
  redistribution: link-only
- id: rabbitmq-4.3-access-control
  kind: official-documentation
  title: RabbitMQ Access Control
  url: https://raw.githubusercontent.com/rabbitmq/rabbitmq-website/1c99c9687f012ad700385c1e9a6990f6520720d3/versioned_docs/version-4.3/access-control.md
  version: 4.3-1c99c9687f012ad700385c1e9a6990f6520720d3
  retrieved_at: '2026-08-28'
  digest: sha256:9cccc858072cf3a8fe7dede63cc198289b2414e33e9128d9eb941bfbaa417f7a
  license: null
  redistribution: link-only
- id: rabbitmq-4.3-tls
  kind: official-documentation
  title: RabbitMQ TLS Support
  url: https://raw.githubusercontent.com/rabbitmq/rabbitmq-website/1c99c9687f012ad700385c1e9a6990f6520720d3/versioned_docs/version-4.3/ssl/index.md
  version: 4.3-1c99c9687f012ad700385c1e9a6990f6520720d3
  retrieved_at: '2026-08-28'
  digest: sha256:d33e05a1821a2c0ebbbe804050d6c85a320eaba15e6128aa3573deb41dfe31db
  license: null
  redistribution: link-only
- id: rabbitmq-4.3-monitoring
  kind: official-documentation
  title: RabbitMQ Monitoring
  url: https://raw.githubusercontent.com/rabbitmq/rabbitmq-website/1c99c9687f012ad700385c1e9a6990f6520720d3/versioned_docs/version-4.3/monitoring/index.md
  version: 4.3-1c99c9687f012ad700385c1e9a6990f6520720d3
  retrieved_at: '2026-08-28'
  digest: sha256:f8ab65c35c95b92aad8d5cc0bdb94560136849a3dfacfd2b827475e7c73ff73d
  license: null
  redistribution: link-only
- id: rabbitmq-4.3-prometheus
  kind: official-documentation
  title: RabbitMQ Prometheus Monitoring
  url: https://raw.githubusercontent.com/rabbitmq/rabbitmq-website/1c99c9687f012ad700385c1e9a6990f6520720d3/versioned_docs/version-4.3/prometheus/index.md
  version: 4.3-1c99c9687f012ad700385c1e9a6990f6520720d3
  retrieved_at: '2026-08-28'
  digest: sha256:012c5705ec820fe3d75c92aac79183db5c21b53bf1fa988a271fca2376a58dfe
  license: null
  redistribution: link-only
- id: rabbitmq-4.3-alarms
  kind: official-documentation
  title: RabbitMQ Resource Alarms
  url: https://raw.githubusercontent.com/rabbitmq/rabbitmq-website/1c99c9687f012ad700385c1e9a6990f6520720d3/versioned_docs/version-4.3/alarms.md
  version: 4.3-1c99c9687f012ad700385c1e9a6990f6520720d3
  retrieved_at: '2026-08-28'
  digest: sha256:f8dbb38f401201d31da0f6e7151c9519747c44bd4516ed0d2da05e228366a095
  license: null
  redistribution: link-only
- id: rabbitmq-4.3-definitions
  kind: official-documentation
  title: RabbitMQ Definition Export and Import
  url: https://raw.githubusercontent.com/rabbitmq/rabbitmq-website/1c99c9687f012ad700385c1e9a6990f6520720d3/versioned_docs/version-4.3/definitions.md
  version: 4.3-1c99c9687f012ad700385c1e9a6990f6520720d3
  retrieved_at: '2026-08-28'
  digest: sha256:37a06b2c2fd6b74d28d3482d719898afcdec29c961cd211b4406c1cb9b5bb3f5
  license: null
  redistribution: link-only
- id: rabbitmq-4.3-feature-flags
  kind: official-documentation
  title: RabbitMQ Feature Flags
  url: https://raw.githubusercontent.com/rabbitmq/rabbitmq-website/1c99c9687f012ad700385c1e9a6990f6520720d3/versioned_docs/version-4.3/feature-flags/index.md
  version: 4.3-1c99c9687f012ad700385c1e9a6990f6520720d3
  retrieved_at: '2026-08-28'
  digest: sha256:ed43e6c64fb3076623ced45d42c4bf0de9786cad356f51d01013a3cd488fc62a
  license: null
  redistribution: link-only
- id: rabbitmq-4.3-upgrade
  kind: official-documentation
  title: RabbitMQ Upgrade Guide
  url: https://raw.githubusercontent.com/rabbitmq/rabbitmq-website/1c99c9687f012ad700385c1e9a6990f6520720d3/versioned_docs/version-4.3/upgrade.md
  version: 4.3-1c99c9687f012ad700385c1e9a6990f6520720d3
  retrieved_at: '2026-08-28'
  digest: sha256:6eb02dcbc7ca6b504229d185d21ab2293c2fe2cc098a120a5d702c3a94192a5e
  license: null
  redistribution: link-only
- id: rabbitmq-4.3-rolling-upgrade
  kind: official-documentation
  title: RabbitMQ Rolling Upgrade Guide
  url: https://raw.githubusercontent.com/rabbitmq/rabbitmq-website/1c99c9687f012ad700385c1e9a6990f6520720d3/versioned_docs/version-4.3/rolling-upgrade.md
  version: 4.3-1c99c9687f012ad700385c1e9a6990f6520720d3
  retrieved_at: '2026-08-28'
  digest: sha256:5cb611d8a2a4bec39c046b37d81578cc369c5427feaf3a17cb2abf02ae94eaf3
  license: null
  redistribution: link-only
- id: rabbitmq-4.3-blue-green-upgrade
  kind: official-documentation
  title: RabbitMQ Blue-Green Upgrade Guide
  url: https://raw.githubusercontent.com/rabbitmq/rabbitmq-website/1c99c9687f012ad700385c1e9a6990f6520720d3/versioned_docs/version-4.3/blue-green-upgrade.md
  version: 4.3-1c99c9687f012ad700385c1e9a6990f6520720d3
  retrieved_at: '2026-08-28'
  digest: sha256:e889ac3b44c13b974f2bf2cefe0fcebd11e3e7b143351931a2e3ed023d49ee49
  license: null
  redistribution: link-only
- id: rabbitmq-4.3-production-checklist
  kind: official-documentation
  title: RabbitMQ Production Checklist
  url: https://raw.githubusercontent.com/rabbitmq/rabbitmq-website/1c99c9687f012ad700385c1e9a6990f6520720d3/versioned_docs/version-4.3/production-checklist.md
  version: 4.3-1c99c9687f012ad700385c1e9a6990f6520720d3
  retrieved_at: '2026-08-28'
  digest: sha256:8f944214046052ee6a5134f53715f4cd6207d8390c5946c7b245e2c45abe2c9e
  license: null
  redistribution: link-only
- id: rabbitmq-server-v4.2.9-release-notes
  kind: source
  title: RabbitMQ Server 4.2.9 release notes
  url: https://raw.githubusercontent.com/rabbitmq/rabbitmq-server/be72851326e038e90fc16354953bd7d31d176766/release-notes/4.2.9.md
  version: v4.2.9-47d6d6457c7d1a440daed643cb7d76bba313e79c
  retrieved_at: '2026-08-28'
  digest: sha256:8a06a67f85b81983b09001c95d3c698affb0660d0ab87166fad6afebc6d7c524
  license: MPL-2.0
  redistribution: link-only
- id: rabbitmq-container-v4.2.9-management
  kind: runtime-inventory
  title: RabbitMQ 4.2.9 management OCI image
  url: https://github.com/docker-library/rabbitmq/tree/d9ae078e0eee51a50ad48c41914c06f0e6e20da5/4.2/ubuntu/management
  version: rabbitmq:4.2.9-management-d9ae078e0eee51a50ad48c41914c06f0e6e20da5
  retrieved_at: '2026-08-28'
  digest: sha256:59935db6392a27b5192f1be080df9b4194bc22f104a7a1bf3b31479a8e0d1031
  license: MPL-2.0
  redistribution: metadata-only
- id: rabbitmq-container-v4.3.5-management
  kind: runtime-inventory
  title: RabbitMQ 4.3.5 management OCI image
  url: https://github.com/docker-library/rabbitmq/tree/fe08e8852f66fde85461be4eed35675a4b8e35d8/4.3/ubuntu/management
  version: rabbitmq:4.3.5-management-fe08e8852f66fde85461be4eed35675a4b8e35d8
  retrieved_at: '2026-08-28'
  digest: sha256:45226f38499559b9f56875c752cc6689ff90e8f20796fe80fd9bc28d64723031
  license: MPL-2.0
  redistribution: metadata-only
- id: rabbitmq-4.3-protocols
  kind: official-documentation
  title: RabbitMQ Supported Protocols
  url: https://raw.githubusercontent.com/rabbitmq/rabbitmq-website/1c99c9687f012ad700385c1e9a6990f6520720d3/versioned_docs/version-4.3/protocols.md
  version: 4.3-1c99c9687f012ad700385c1e9a6990f6520720d3
  retrieved_at: '2026-08-28'
  digest: sha256:d1c98a952efce14040a90d2192eec14d3c8fe92e608be8e839714ad8724348a8
  license: null
  redistribution: link-only
- id: rabbitmq-4.3-amqp-1.0
  kind: official-documentation
  title: RabbitMQ AMQP 1.0
  url: https://raw.githubusercontent.com/rabbitmq/rabbitmq-website/1c99c9687f012ad700385c1e9a6990f6520720d3/versioned_docs/version-4.3/amqp.md
  version: 4.3-1c99c9687f012ad700385c1e9a6990f6520720d3
  retrieved_at: '2026-08-28'
  digest: sha256:522b01d62ef577956e55fda6355c9994c11ebe8a6353b6fb6c0bcf034f561f88
  license: null
  redistribution: link-only
- id: rabbitmq-4.3-mqtt
  kind: official-documentation
  title: RabbitMQ MQTT Plugin
  url: https://raw.githubusercontent.com/rabbitmq/rabbitmq-website/1c99c9687f012ad700385c1e9a6990f6520720d3/versioned_docs/version-4.3/mqtt.md
  version: 4.3-1c99c9687f012ad700385c1e9a6990f6520720d3
  retrieved_at: '2026-08-28'
  digest: sha256:7922a386475a80084c3e34beae46fa1c083bc9c27555b36f5141671bea2963d3
  license: null
  redistribution: link-only
- id: rabbitmq-4.3-stomp
  kind: official-documentation
  title: RabbitMQ STOMP Plugin
  url: https://raw.githubusercontent.com/rabbitmq/rabbitmq-website/1c99c9687f012ad700385c1e9a6990f6520720d3/versioned_docs/version-4.3/stomp.md
  version: 4.3-1c99c9687f012ad700385c1e9a6990f6520720d3
  retrieved_at: '2026-08-28'
  digest: sha256:95d827abe7e15c70ad3605d0d8518d6cdce75d3c95d147c8da6a34f626647e67
  license: null
  redistribution: link-only
- id: rabbitmq-4.3-stream-plugin
  kind: official-documentation
  title: RabbitMQ Stream Protocol Plugin
  url: https://raw.githubusercontent.com/rabbitmq/rabbitmq-website/1c99c9687f012ad700385c1e9a6990f6520720d3/versioned_docs/version-4.3/stream.md
  version: 4.3-1c99c9687f012ad700385c1e9a6990f6520720d3
  retrieved_at: '2026-08-28'
  digest: sha256:772204455494ca191c54d1aea15926e148fe5120cd698ad2177f3a9deaf8bb69
  license: null
  redistribution: link-only
- id: rabbitmq-4.3-stream-comparison
  kind: official-documentation
  title: RabbitMQ Core and Stream Plugin Comparison
  url: https://raw.githubusercontent.com/rabbitmq/rabbitmq-website/1c99c9687f012ad700385c1e9a6990f6520720d3/versioned_docs/version-4.3/stream-core-plugin-comparison.md
  version: 4.3-1c99c9687f012ad700385c1e9a6990f6520720d3
  retrieved_at: '2026-08-28'
  digest: sha256:1b837f5c89e25126b2fba9a88437ad6375e268968aa150aed3d27c2293081fe1
  license: null
  redistribution: link-only
- id: rabbitmq-4.3-federation
  kind: official-documentation
  title: RabbitMQ Federation Plugin
  url: https://raw.githubusercontent.com/rabbitmq/rabbitmq-website/1c99c9687f012ad700385c1e9a6990f6520720d3/versioned_docs/version-4.3/federation.md
  version: 4.3-1c99c9687f012ad700385c1e9a6990f6520720d3
  retrieved_at: '2026-08-28'
  digest: sha256:15ebce32a18d44382698ffc52ec60f15288751b1e1de021471caae0a3b1a9064
  license: null
  redistribution: link-only
- id: rabbitmq-4.3-shovel
  kind: official-documentation
  title: RabbitMQ Shovel Plugin
  url: https://raw.githubusercontent.com/rabbitmq/rabbitmq-website/1c99c9687f012ad700385c1e9a6990f6520720d3/versioned_docs/version-4.3/shovel.md
  version: 4.3-1c99c9687f012ad700385c1e9a6990f6520720d3
  retrieved_at: '2026-08-28'
  digest: sha256:e92ab6a923117c7faa48f662bb86da2c03ae9d61505dd5def1fb87dcce69eab5
  license: null
  redistribution: link-only
- id: rabbitmq-4.3-oauth2
  kind: official-documentation
  title: RabbitMQ OAuth 2.0 Authorisation Backend
  url: https://raw.githubusercontent.com/rabbitmq/rabbitmq-website/1c99c9687f012ad700385c1e9a6990f6520720d3/versioned_docs/version-4.3/oauth2.md
  version: 4.3-1c99c9687f012ad700385c1e9a6990f6520720d3
  retrieved_at: '2026-08-28'
  digest: sha256:36c383bd323acf9df8d86069e6d62ba568dd5ddb463aa640d5661096b4525a40
  license: null
  redistribution: link-only
- id: rabbitmq-4.3-ldap
  kind: official-documentation
  title: RabbitMQ LDAP Authentication and Authorisation Backend
  url: https://raw.githubusercontent.com/rabbitmq/rabbitmq-website/1c99c9687f012ad700385c1e9a6990f6520720d3/versioned_docs/version-4.3/ldap.md
  version: 4.3-1c99c9687f012ad700385c1e9a6990f6520720d3
  retrieved_at: '2026-08-28'
  digest: sha256:d98bf6830d5ab29c2a3c0f39a5a79758f433b010724430941115b484f6ea8ae4
  license: null
  redistribution: link-only
- id: rabbitmq-4.3-backup
  kind: official-documentation
  title: RabbitMQ Backup and Restore
  url: https://raw.githubusercontent.com/rabbitmq/rabbitmq-website/1c99c9687f012ad700385c1e9a6990f6520720d3/versioned_docs/version-4.3/backup.md
  version: 4.3-1c99c9687f012ad700385c1e9a6990f6520720d3
  retrieved_at: '2026-08-28'
  digest: sha256:a93c321b41d3fc8040eb631b61caff9e2257810c28cf4d33ff13a51f68066c81
  license: null
  redistribution: link-only
- id: rabbitmq-4.3-cli
  kind: official-documentation
  title: RabbitMQ Command Line Tools
  url: https://raw.githubusercontent.com/rabbitmq/rabbitmq-website/1c99c9687f012ad700385c1e9a6990f6520720d3/versioned_docs/version-4.3/cli.md
  version: 4.3-1c99c9687f012ad700385c1e9a6990f6520720d3
  retrieved_at: '2026-08-28'
  digest: sha256:a9abe820326a30b61901d959597e93580cca07be0d8b15182a5c4593863dadcb
  license: null
  redistribution: link-only
- id: rabbitmq-4.3-configuration
  kind: official-documentation
  title: RabbitMQ Configuration
  url: https://raw.githubusercontent.com/rabbitmq/rabbitmq-website/1c99c9687f012ad700385c1e9a6990f6520720d3/versioned_docs/version-4.3/configure.md
  version: 4.3-1c99c9687f012ad700385c1e9a6990f6520720d3
  retrieved_at: '2026-08-28'
  digest: sha256:bf0e6f05185356bd4491fd04a1fbee8e82622b80b80b08565033a10c911426bf
  license: null
  redistribution: link-only
- id: rabbitmq-4.3-plugins
  kind: official-documentation
  title: RabbitMQ Plugin System
  url: https://raw.githubusercontent.com/rabbitmq/rabbitmq-website/1c99c9687f012ad700385c1e9a6990f6520720d3/versioned_docs/version-4.3/plugins.md
  version: 4.3-1c99c9687f012ad700385c1e9a6990f6520720d3
  retrieved_at: '2026-08-28'
  digest: sha256:b014bdbb814fd894d42b9484c88a9a8a8c5e32360f0ea27fa8186c7a2946b3cc
  license: null
  redistribution: link-only
- id: rabbitmq-4.3-management
  kind: official-documentation
  title: RabbitMQ Management Plugin
  url: https://raw.githubusercontent.com/rabbitmq/rabbitmq-website/1c99c9687f012ad700385c1e9a6990f6520720d3/versioned_docs/version-4.3/management/index.md
  version: 4.3-1c99c9687f012ad700385c1e9a6990f6520720d3
  retrieved_at: '2026-08-28'
  digest: sha256:138604ee91db6d078c835dd9cdaf33e53eeda67d063d95336ca91c70f28900b1
  license: null
  redistribution: link-only
- id: rabbitmq-4.3-classic-queues
  kind: official-documentation
  title: RabbitMQ Classic Queues
  url: https://raw.githubusercontent.com/rabbitmq/rabbitmq-website/1c99c9687f012ad700385c1e9a6990f6520720d3/versioned_docs/version-4.3/classic-queues.md
  version: 4.3-1c99c9687f012ad700385c1e9a6990f6520720d3
  retrieved_at: '2026-08-28'
  digest: sha256:084b58f037d5285d78a0c6665ddec2602c962b542d1bb273ea940e48821f9283
  license: null
  redistribution: link-only
- id: rabbitmq-4.3-consumers
  kind: official-documentation
  title: RabbitMQ Consumer Guide
  url: https://raw.githubusercontent.com/rabbitmq/rabbitmq-website/1c99c9687f012ad700385c1e9a6990f6520720d3/versioned_docs/version-4.3/consumers.md
  version: 4.3-1c99c9687f012ad700385c1e9a6990f6520720d3
  retrieved_at: '2026-08-28'
  digest: sha256:48339d265f8081f413fe13fbc822aa1fdf80248bff28a8eb21593a0edf6bd07a
  license: null
  redistribution: link-only
- id: rabbitmq-4.3-publishers
  kind: official-documentation
  title: RabbitMQ Publisher Guide
  url: https://raw.githubusercontent.com/rabbitmq/rabbitmq-website/1c99c9687f012ad700385c1e9a6990f6520720d3/versioned_docs/version-4.3/publishers/index.md
  version: 4.3-1c99c9687f012ad700385c1e9a6990f6520720d3
  retrieved_at: '2026-08-28'
  digest: sha256:d60b79cb06d56403d516262bd2b4612fd2799a7adad30ee8378d235698c7afe7
  license: null
  redistribution: link-only
- id: rabbitmq-4.3-policies
  kind: official-documentation
  title: RabbitMQ Policies
  url: https://raw.githubusercontent.com/rabbitmq/rabbitmq-website/1c99c9687f012ad700385c1e9a6990f6520720d3/versioned_docs/version-4.3/policies.md
  version: 4.3-1c99c9687f012ad700385c1e9a6990f6520720d3
  retrieved_at: '2026-08-28'
  digest: sha256:39c707f940467ef8a95a77b0ee151d79e8e495b8e2973c93ff0483d19780f1f2
  license: null
  redistribution: link-only
- id: rabbitmq-4.3-limits
  kind: official-documentation
  title: RabbitMQ Resource Limits
  url: https://raw.githubusercontent.com/rabbitmq/rabbitmq-website/1c99c9687f012ad700385c1e9a6990f6520720d3/versioned_docs/version-4.3/limits.md
  version: 4.3-1c99c9687f012ad700385c1e9a6990f6520720d3
  retrieved_at: '2026-08-28'
  digest: sha256:8f06c53e089b3c72a9a12e81fc4ad0ce3711422bf7c46584ca75ea5dcc1d61c3
  license: null
  redistribution: link-only
- id: rabbitmq-operator-overview
  kind: official-documentation
  title: RabbitMQ Kubernetes Operators Overview
  url: https://raw.githubusercontent.com/rabbitmq/rabbitmq-website/1c99c9687f012ad700385c1e9a6990f6520720d3/kubernetes/operator/operator-overview.md
  version: 1c99c9687f012ad700385c1e9a6990f6520720d3
  retrieved_at: '2026-08-28'
  digest: sha256:d5311b55df339af1032ca249417a6dc7b58f529aac79152f1266df83610ce586
  license: null
  redistribution: link-only
- id: rabbitmq-operator-usage
  kind: official-documentation
  title: RabbitMQ Cluster Operator Usage
  url: https://raw.githubusercontent.com/rabbitmq/rabbitmq-website/1c99c9687f012ad700385c1e9a6990f6520720d3/kubernetes/operator/using-operator/index.md
  version: 1c99c9687f012ad700385c1e9a6990f6520720d3
  retrieved_at: '2026-08-28'
  digest: sha256:dc688cd5ede76722d5c7e261c99e247371509310cd779b6272ec2c8a0e59e676
  license: null
  redistribution: link-only
- id: rabbitmq-topology-operator-usage
  kind: official-documentation
  title: RabbitMQ Messaging Topology Operator Usage
  url: https://raw.githubusercontent.com/rabbitmq/rabbitmq-website/1c99c9687f012ad700385c1e9a6990f6520720d3/kubernetes/operator/using-topology-operator.md
  version: 1c99c9687f012ad700385c1e9a6990f6520720d3
  retrieved_at: '2026-08-28'
  digest: sha256:2ff6c8d5dfc8d25a52978f7d4a791362de3a9712464019a736b4a8a619ff6a40
  license: null
  redistribution: link-only
